hash: 5c58e61f545815f0f3375a8750b3b2430f973ce2bc78a78db6e34f83e1cd0a46
updated: 2018-03-08T01:32:55.062121894+09:00
imports:
- name: github.com/davecgh/go-spew
  version: 2df174808ee097f90d259e432cc04442cf60be21
  subpackages:
  - spew
- name: github.com/gorilla/websocket
  version: 6656ddce919367f4c4090b0f89a45854d26da020
- name: github.com/hashicorp/errwrap
  version: 7554cd9344cec97297fa6649b055a8c98c2a1e55
- name: github.com/hashicorp/go-multierror
  version: b7773ae218740a7be65057fc60b366a49b538a44
- name: github.com/k0kubun/pp
  version: e057ee7a28277be4d2af303443b6da377768181f
- name: github.com/kelseyhightower/envconfig
  version: 462fda1f11d8cad3660e52737b8beefd27acfb3f
- name: github.com/mattn/go-colorable
  version: 5411d3eea5978e6cdc258b30de592b60df6aba96
- name: github.com/mattn/go-isatty
  version: 57fdcb988a5c543893cc61bce354a6e24ab70022
- name: github.com/nlopes/slack
  version: 6122e35778b0b0080e0393fde2bb42ba5fc062ed
- name: github.com/pmezard/go-difflib
  version: d8ed2627bdf02c080bf22230dbb337003b7aba2d
  subpackages:
  - difflib
- name: github.com/satori/go.uuid
  version: 879c5887cd475cd7864858769793b2ceb0d44feb
- name: github.com/stretchr/testify
  version: f390dcf405f7b83c997eac1b06768bb9f44dec18
  subpackages:
  - assert
  - require
- name: golang.org/x/sys
  version: dd2ff4accc098aceecb86b36eaa7829b2a17b1c9
  subpackages:
  - unix
testImports: []
